
Microsoft Visual Studio Solution File, Format Version 12.00
# Visual Studio 15
VisualStudioVersion = 15.0.26430.13
MinimumVisualStudioVersion = 10.0.40219.1
Project("{FAE04EC0-301F-11D3-BF4B-00C04F79EFBC}") = "NewShopOnline", "NewShopOnline\NewShopOnline.csproj", "{C6E5576B-A573-4487-9C49-BCB42A2FBB6D}"
EndProject
Project("{FAE04EC0-301F-11D3-BF4B-00C04F79EFBC}") = "Model", "Model\Model.csproj", "{E399B6B3-F78F-4CE5-AAFF-35290C020836}"
EndProject
Global
	GlobalSection(SolutionConfigurationPlatforms) = preSolution
		Debug|Any CPU = Debug|Any CPU
		Release|Any CPU = Release|Any CPU
	EndGlobalSection
	GlobalSection(ProjectConfigurationPlatforms) = postSolution
		{C6E5576B-A573-4487-9C49-BCB42A2FBB6D}.Debug|Any CPU.ActiveCfg = Debug|Any CPU
		{C6E5576B-A573-4487-9C49-BCB42A2FBB6D}.Debug|Any CPU.Build.0 = Debug|Any CPU
		{C6E5576B-A573-4487-9C49-BCB42A2FBB6D}.Release|Any CPU.ActiveCfg = Release|Any CPU
		{C6E5576B-A573-4487-9C49-BCB42A2FBB6D}.Release|Any CPU.Build.0 = Release|Any CPU
		{E399B6B3-F78F-4CE5-AAFF-35290C020836}.Debug|Any CPU.ActiveCfg = Debug|Any CPU
		{E399B6B3-F78F-4CE5-AAFF-35290C020836}.Debug|Any CPU.Build.0 = Debug|Any CPU
		{E399B6B3-F78F-4CE5-AAFF-35290C020836}.Release|Any CPU.ActiveCfg = Release|Any CPU
		{E399B6B3-F78F-4CE5-AAFF-35290C020836}.Release|Any CPU.Build.0 = Release|Any CPU
	EndGlobalSection
	GlobalSection(SolutionProperties) = preSolution
		HideSolutionNode = FALSE
	EndGlobalSection
EndGlobal
